github.com/MereleDulci/jsonapi v0.0.3 h1:wcGG8PP2hhOJ3bXXTUXHYA7ZMhAoOhTMxRBULEpQocg=
github.com/MereleDulci/jsonapi v0.0.3/go.mod h1:aC/icZMxS9er6RQqMBN82LJ4S1GldcQvKINJo0Xfcy4=
github.com/MereleDulci/jsonapi v0.0.4-0.20240512093823-5671f8ca7507 h1:BIKDkIyoop85Iic97Oh+4cYCE7eJIOMaGM6zSrG22Sw=
github.com/MereleDulci/jsonapi v0.0.4-0.20240512093823-5671f8ca7507/go.mod h1:aC/icZMxS9er6RQqMBN82LJ4S1GldcQvKINJo0Xfcy4=
github.com/MereleDulci/jsonapi v0.0.4/go.mod h1:aC/icZMxS9er6RQqMBN82LJ4S1GldcQvKINJo0Xfcy4=
github.com/cristalhq/jwt/v5 v5.4.0 h1:Wxi1TocFHaijyV608j7v7B9mPc4ZNjvWT3LKBO0d4QI=
github.com/cristalhq/jwt/v5 v5.4.0/go.mod h1:+b/BzaCWEpFDmXxspJ5h4SdJ1N/45KMjKOetWzmHvDA=
